
Microsoft Visual Studio Solution File, Format Version 12.00
# Visual Studio Version 16
VisualStudioVersion = 16.0.30611.23
MinimumVisualStudioVersion = 10.0.40219.1
Project("{FAE04EC0-301F-11D3-BF4B-00C04F79EFBC}") = "chinookcsharp", "chinookcsharp\chinookcsharp.csproj", "{8897288C-2FB7-4458-9794-D9E82CBDC503}"
EndProject
Project("{2150E333-8FDC-42A3-9474-1A3956D46DE8}") = "Step1", "Step1", "{29696F9E-3B07-4207-960F-9E6BD33A8EE7}"
EndProject
Project("{2150E333-8FDC-42A3-9474-1A3956D46DE8}") = "Step3", "Step3", "{AAC4319F-3F05-4AC5-AA4C-C3660307BCC2}"
EndProject
Project("{FAE04EC0-301F-11D3-BF4B-00C04F79EFBC}") = "Chinook.cui", "Chinook.cui\Chinook.cui.csproj", "{8E0B9FEC-994A-4794-AF8D-A310486EBBC9}"
EndProject
Project("{FAE04EC0-301F-11D3-BF4B-00C04F79EFBC}") = "Chinook.gui", "Chinook.gui\Chinook.gui.csproj", "{38885F01-6642-49A2-A492-F3B7629507C7}"
EndProject
Project("{FAE04EC0-301F-11D3-BF4B-00C04F79EFBC}") = "Chinook.Step3.Unittest", "Chinook.Step3.Unittest\Chinook.Step3.Unittest.csproj", "{7050C490-063F-44C4-943B-B3C14A10C259}"
EndProject
Project("{FAE04EC0-301F-11D3-BF4B-00C04F79EFBC}") = "Chinook", "Chinook\Chinook.csproj", "{C0D7D254-ED14-40FB-B22D-DDE507DD02B2}"
EndProject
Project("{2150E333-8FDC-42A3-9474-1A3956D46DE8}") = "Step4", "Step4", "{C0482028-8516-4033-BE7F-9B7E0D7295A2}"
EndProject
Project("{FAE04EC0-301F-11D3-BF4B-00C04F79EFBC}") = "Chinook4", "Chinook4\Chinook4.csproj", "{7821BE15-3712-4185-9BB8-BEEA98F146C5}"
EndProject
Project("{FAE04EC0-301F-11D3-BF4B-00C04F79EFBC}") = "Chinook4.data", "Chinook4.data\Chinook4.data.csproj", "{3C23BF4E-CD05-44E8-B2F9-99392D5F4C1D}"
EndProject
Project("{2150E333-8FDC-42A3-9474-1A3956D46DE8}") = "Step5_entity", "Step5_entity", "{9CA5B906-8E44-4AA5-97B4-21F731C22558}"
EndProject
Project("{FAE04EC0-301F-11D3-BF4B-00C04F79EFBC}") = "Filereading", "Filereading\Filereading.csproj", "{20654236-CDCA-474F-90C3-C26036E02FDD}"
EndProject
Project("{2150E333-8FDC-42A3-9474-1A3956D46DE8}") = "Step6_Winform", "Step6_Winform", "{3511EBD0-569A-4473-981F-D0B64D4C7BBB}"
EndProject
Project("{FAE04EC0-301F-11D3-BF4B-00C04F79EFBC}") = "Chinookwin", "Chinookwin\Chinookwin.csproj", "{859DFC84-02FD-4F36-A077-38EFD62CD244}"
EndProject
Global
	GlobalSection(SolutionConfigurationPlatforms) = preSolution
		Debug|Any CPU = Debug|Any CPU
		Release|Any CPU = Release|Any CPU
	EndGlobalSection
	GlobalSection(ProjectConfigurationPlatforms) = postSolution
		{8897288C-2FB7-4458-9794-D9E82CBDC503}.Debug|Any CPU.ActiveCfg = Debug|Any CPU
		{8897288C-2FB7-4458-9794-D9E82CBDC503}.Debug|Any CPU.Build.0 = Debug|Any CPU
		{8897288C-2FB7-4458-9794-D9E82CBDC503}.Release|Any CPU.ActiveCfg = Release|Any CPU
		{8897288C-2FB7-4458-9794-D9E82CBDC503}.Release|Any CPU.Build.0 = Release|Any CPU
		{8E0B9FEC-994A-4794-AF8D-A310486EBBC9}.Debug|Any CPU.ActiveCfg = Debug|Any CPU
		{8E0B9FEC-994A-4794-AF8D-A310486EBBC9}.Debug|Any CPU.Build.0 = Debug|Any CPU
		{8E0B9FEC-994A-4794-AF8D-A310486EBBC9}.Release|Any CPU.ActiveCfg = Release|Any CPU
		{8E0B9FEC-994A-4794-AF8D-A310486EBBC9}.Release|Any CPU.Build.0 = Release|Any CPU
		{38885F01-6642-49A2-A492-F3B7629507C7}.Debug|Any CPU.ActiveCfg = Debug|Any CPU
		{38885F01-6642-49A2-A492-F3B7629507C7}.Debug|Any CPU.Build.0 = Debug|Any CPU
		{38885F01-6642-49A2-A492-F3B7629507C7}.Release|Any CPU.ActiveCfg = Release|Any CPU
		{38885F01-6642-49A2-A492-F3B7629507C7}.Release|Any CPU.Build.0 = Release|Any CPU
		{7050C490-063F-44C4-943B-B3C14A10C259}.Debug|Any CPU.ActiveCfg = Debug|Any CPU
		{7050C490-063F-44C4-943B-B3C14A10C259}.Debug|Any CPU.Build.0 = Debug|Any CPU
		{7050C490-063F-44C4-943B-B3C14A10C259}.Release|Any CPU.ActiveCfg = Release|Any CPU
		{7050C490-063F-44C4-943B-B3C14A10C259}.Release|Any CPU.Build.0 = Release|Any CPU
		{C0D7D254-ED14-40FB-B22D-DDE507DD02B2}.Debug|Any CPU.ActiveCfg = Debug|Any CPU
		{C0D7D254-ED14-40FB-B22D-DDE507DD02B2}.Debug|Any CPU.Build.0 = Debug|Any CPU
		{C0D7D254-ED14-40FB-B22D-DDE507DD02B2}.Release|Any CPU.ActiveCfg = Release|Any CPU
		{C0D7D254-ED14-40FB-B22D-DDE507DD02B2}.Release|Any CPU.Build.0 = Release|Any CPU
		{7821BE15-3712-4185-9BB8-BEEA98F146C5}.Debug|Any CPU.ActiveCfg = Debug|Any CPU
		{7821BE15-3712-4185-9BB8-BEEA98F146C5}.Debug|Any CPU.Build.0 = Debug|Any CPU
		{7821BE15-3712-4185-9BB8-BEEA98F146C5}.Release|Any CPU.ActiveCfg = Release|Any CPU
		{7821BE15-3712-4185-9BB8-BEEA98F146C5}.Release|Any CPU.Build.0 = Release|Any CPU
		{3C23BF4E-CD05-44E8-B2F9-99392D5F4C1D}.Debug|Any CPU.ActiveCfg = Debug|Any CPU
		{3C23BF4E-CD05-44E8-B2F9-99392D5F4C1D}.Debug|Any CPU.Build.0 = Debug|Any CPU
		{3C23BF4E-CD05-44E8-B2F9-99392D5F4C1D}.Release|Any CPU.ActiveCfg = Release|Any CPU
		{3C23BF4E-CD05-44E8-B2F9-99392D5F4C1D}.Release|Any CPU.Build.0 = Release|Any CPU
		{20654236-CDCA-474F-90C3-C26036E02FDD}.Debug|Any CPU.ActiveCfg = Debug|Any CPU
		{20654236-CDCA-474F-90C3-C26036E02FDD}.Debug|Any CPU.Build.0 = Debug|Any CPU
		{20654236-CDCA-474F-90C3-C26036E02FDD}.Release|Any CPU.ActiveCfg = Release|Any CPU
		{20654236-CDCA-474F-90C3-C26036E02FDD}.Release|Any CPU.Build.0 = Release|Any CPU
		{859DFC84-02FD-4F36-A077-38EFD62CD244}.Debug|Any CPU.ActiveCfg = Debug|Any CPU
		{859DFC84-02FD-4F36-A077-38EFD62CD244}.Debug|Any CPU.Build.0 = Debug|Any CPU
		{859DFC84-02FD-4F36-A077-38EFD62CD244}.Release|Any CPU.ActiveCfg = Release|Any CPU
		{859DFC84-02FD-4F36-A077-38EFD62CD244}.Release|Any CPU.Build.0 = Release|Any CPU
	EndGlobalSection
	GlobalSection(SolutionProperties) = preSolution
		HideSolutionNode = FALSE
	EndGlobalSection
	GlobalSection(NestedProjects) = preSolution
		{8897288C-2FB7-4458-9794-D9E82CBDC503} = {29696F9E-3B07-4207-960F-9E6BD33A8EE7}
		{8E0B9FEC-994A-4794-AF8D-A310486EBBC9} = {AAC4319F-3F05-4AC5-AA4C-C3660307BCC2}
		{38885F01-6642-49A2-A492-F3B7629507C7} = {AAC4319F-3F05-4AC5-AA4C-C3660307BCC2}
		{7050C490-063F-44C4-943B-B3C14A10C259} = {AAC4319F-3F05-4AC5-AA4C-C3660307BCC2}
		{C0D7D254-ED14-40FB-B22D-DDE507DD02B2} = {AAC4319F-3F05-4AC5-AA4C-C3660307BCC2}
		{7821BE15-3712-4185-9BB8-BEEA98F146C5} = {C0482028-8516-4033-BE7F-9B7E0D7295A2}
		{3C23BF4E-CD05-44E8-B2F9-99392D5F4C1D} = {C0482028-8516-4033-BE7F-9B7E0D7295A2}
		{20654236-CDCA-474F-90C3-C26036E02FDD} = {9CA5B906-8E44-4AA5-97B4-21F731C22558}
		{859DFC84-02FD-4F36-A077-38EFD62CD244} = {3511EBD0-569A-4473-981F-D0B64D4C7BBB}
	EndGlobalSection
	GlobalSection(ExtensibilityGlobals) = postSolution
		SolutionGuid = {79D17468-58B5-4C92-A044-0C9C11234C5D}
	EndGlobalSection
EndGlobal
